
Microsoft Visual Studio Solution File, Format Version 12.00
# Visual Studio Express 2012 for Windows Desktop
Project("{8BC9CEB8-8B4A-11D0-8D11-00A0C91BC942}") = "Quadtree", "Quadtree.vcxproj", "{EB9F3D4E-B62A-4ADF-B6F8-6C39E9585C9E}"
EndProject
Global
	GlobalSection(SolutionConfigurationPlatforms) = preSolution
		Debug|Win32 = Debug|Win32
		Release|Win32 = Release|Win32
	EndGlobalSection
	GlobalSection(ProjectConfigurationPlatforms) = postSolution
		{EB9F3D4E-B62A-4ADF-B6F8-6C39E9585C9E}.Debug|Win32.ActiveCfg = Debug|Win32
		{EB9F3D4E-B62A-4ADF-B6F8-6C39E9585C9E}.Debug|Win32.Build.0 = Debug|Win32
		{EB9F3D4E-B62A-4ADF-B6F8-6C39E9585C9E}.Release|Win32.ActiveCfg = Release|Win32
		{EB9F3D4E-B62A-4ADF-B6F8-6C39E9585C9E}.Release|Win32.Build.0 = Release|Win32
	EndGlobalSection
	GlobalSection(SolutionProperties) = preSolution
		HideSolutionNode = FALSE
	EndGlobalSection
EndGlobal
